// !$*UTF8*$!
{
	archiveVersion = 1;
	classes = {
	};
	objectVersion = 56;
	objects = {

/* Begin PBXBuildFile section */
		C309F87E29DAB285007BAF98 /* adjust+.swift in Sources */ = {isa = PBXBuildFile; fileRef = C309F87D29DAB285007BAF98 /* adjust+.swift */; };
		C309F88329DD52C7007BAF98 /* HomeViewController.swift in Sources */ = {isa = PBXBuildFile; fileRef = C309F88229DD52C7007BAF98 /* HomeViewController.swift */; };
		C309F88529DD539D007BAF98 /* HomeTopBarView.swift in Sources */ = {isa = PBXBuildFile; fileRef = C309F88429DD539D007BAF98 /* HomeTopBarView.swift */; };
		C30E36CF2A2E0855001518E0 /* HomeEmptyView.swift in Sources */ = {isa = PBXBuildFile; fileRef = C30E36CE2A2E0855001518E0 /* HomeEmptyView.swift */; };
		C30E36D12A2E08A0001518E0 /* BaseView.swift in Sources */ = {isa = PBXBuildFile; fileRef = C30E36D02A2E08A0001518E0 /* BaseView.swift */; };
		C30E36D32A2E0C60001518E0 /* HomeTableViewCell.swift in Sources */ = {isa = PBXBuildFile; fileRef = C30E36D22A2E0C60001518E0 /* HomeTableViewCell.swift */; };
		C37605A629D2BBCE0051BA18 /* SnapKit in Frameworks */ = {isa = PBXBuildFile; productRef = C37605A529D2BBCE0051BA18 /* SnapKit */; };
		C37605A929D2BC1E0051BA18 /* Moya in Frameworks */ = {isa = PBXBuildFile; productRef = C37605A829D2BC1E0051BA18 /* Moya */; };
		C37605AC29D2BC470051BA18 /* Then in Frameworks */ = {isa = PBXBuildFile; productRef = C37605AB29D2BC470051BA18 /* Then */; };
		C37605AF29D2BE250051BA18 /* Lottie in Frameworks */ = {isa = PBXBuildFile; productRef = C37605AE29D2BE250051BA18 /* Lottie */; };
		C37605B629D2BF650051BA18 /* Const.swift in Sources */ = {isa = PBXBuildFile; fileRef = C37605B529D2BF650051BA18 /* Const.swift */; };
		C37605B829D2BF700051BA18 /* String.swift in Sources */ = {isa = PBXBuildFile; fileRef = C37605B729D2BF700051BA18 /* String.swift */; };
		C37605BA29D2BF760051BA18 /* Image.swift in Sources */ = {isa = PBXBuildFile; fileRef = C37605B929D2BF760051BA18 /* Image.swift */; };
		C37605BC29D2BF7A0051BA18 /* Color.swift in Sources */ = {isa = PBXBuildFile; fileRef = C37605BB29D2BF7A0051BA18 /* Color.swift */; };
		C37605BE29D2BF7F0051BA18 /* Font.swift in Sources */ = {isa = PBXBuildFile; fileRef = C37605BD29D2BF7F0051BA18 /* Font.swift */; };
		C37605C829D2C6E00051BA18 /* Pretendard-Regular.otf in Resources */ = {isa = PBXBuildFile; fileRef = C37605C729D2C6E00051BA18 /* Pretendard-Regular.otf */; };
		C37605CA29D2CBF30051BA18 /* Colors.xcassets in Resources */ = {isa = PBXBuildFile; fileRef = C37605C929D2CBF30051BA18 /* Colors.xcassets */; };
		C37605CC29D543510051BA18 /* UIViewController+.swift in Sources */ = {isa = PBXBuildFile; fileRef = C37605CB29D543510051BA18 /* UIViewController+.swift */; };
		C37605CE29D543D20051BA18 /* UIView+.swift in Sources */ = {isa = PBXBuildFile; fileRef = C37605CD29D543D20051BA18 /* UIView+.swift */; };
		C37605D029D5442F0051BA18 /* BaseNavigationController.swift in Sources */ = {isa = PBXBuildFile; fileRef = C37605CF29D5442F0051BA18 /* BaseNavigationController.swift */; };
		C37605D329D544620051BA18 /* BaseViewController.swift in Sources */ = {isa = PBXBuildFile; fileRef = C37605D229D544620051BA18 /* BaseViewController.swift */; };
		C37605D529D544C90051BA18 /* GeneralResponse.swift in Sources */ = {isa = PBXBuildFile; fileRef = C37605D429D544C90051BA18 /* GeneralResponse.swift */; };
		C37964802A30467400E7F5DF /* Pretendard-SemiBold.otf in Resources */ = {isa = PBXBuildFile; fileRef = C379647F2A30467300E7F5DF /* Pretendard-SemiBold.otf */; };
		C37964822A304CED00E7F5DF /* HomeView.swift in Sources */ = {isa = PBXBuildFile; fileRef = C37964812A304CED00E7F5DF /* HomeView.swift */; };
		C38E7B3729DE866400155E6A /* CategoryView.swift in Sources */ = {isa = PBXBuildFile; fileRef = C38E7B3629DE866400155E6A /* CategoryView.swift */; };
		C38E7B3A29DE874D00155E6A /* CategoryModel.swift in Sources */ = {isa = PBXBuildFile; fileRef = C38E7B3929DE874D00155E6A /* CategoryModel.swift */; };
		C3B0BE6029E6B7DD00BF613A /* HomeRequest.swift in Sources */ = {isa = PBXBuildFile; fileRef = C3B0BE5F29E6B7DD00BF613A /* HomeRequest.swift */; };
		C3B5534B29CE8EE3002D3467 /* AppDelegate.swift in Sources */ = {isa = PBXBuildFile; fileRef = C3B5534A29CE8EE3002D3467 /* AppDelegate.swift */; };
		C3B5534D29CE8EE3002D3467 /* SceneDelegate.swift in Sources */ = {isa = PBXBuildFile; fileRef = C3B5534C29CE8EE3002D3467 /* SceneDelegate.swift */; };
		C3B5535429CE8EE7002D3467 /* Assets.xcassets in Resources */ = {isa = PBXBuildFile; fileRef = C3B5535329CE8EE7002D3467 /* Assets.xcassets */; };
		C3B5535729CE8EE7002D3467 /* LaunchScreen.storyboard in Resources */ = {isa = PBXBuildFile; fileRef = C3B5535529CE8EE7002D3467 /* LaunchScreen.storyboard */; };
		C3D23E592A27B25100FBC019 /* NanumSquareB.otf in Resources */ = {isa = PBXBuildFile; fileRef = C3D23E572A27B25100FBC019 /* NanumSquareB.otf */; };
		C3DC33332A288CA000282BDE /* NanumSquareR.otf in Resources */ = {isa = PBXBuildFile; fileRef = C3DC33322A288CA000282BDE /* NanumSquareR.otf */; };
		DD462BC529F7915B0043F105 /* CategoryCollectionViewCell.swift in Sources */ = {isa = PBXBuildFile; fileRef = DD462BC429F7915B0043F105 /* CategoryCollectionViewCell.swift */; };
/* End PBXBuildFile section */

/* Begin PBXFileReference section */
		C309F87D29DAB285007BAF98 /* adjust+.swift */ = {isa = PBXFileReference; lastKnownFileType = sourcecode.swift; path = "adjust+.swift"; sourceTree = "<group>"; };
		C309F88229DD52C7007BAF98 /* HomeViewController.swift */ = {isa = PBXFileReference; lastKnownFileType = sourcecode.swift; path = HomeViewController.swift; sourceTree = "<group>"; };
		C309F88429DD539D007BAF98 /* HomeTopBarView.swift */ = {isa = PBXFileReference; lastKnownFileType = sourcecode.swift; path = HomeTopBarView.swift; sourceTree = "<group>"; };
		C30E36CE2A2E0855001518E0 /* HomeEmptyView.swift */ = {isa = PBXFileReference; lastKnownFileType = sourcecode.swift; path = HomeEmptyView.swift; sourceTree = "<group>"; };
		C30E36D02A2E08A0001518E0 /* BaseView.swift */ = {isa = PBXFileReference; lastKnownFileType = sourcecode.swift; path = BaseView.swift; sourceTree = "<group>"; };
		C30E36D22A2E0C60001518E0 /* HomeTableViewCell.swift */ = {isa = PBXFileReference; lastKnownFileType = sourcecode.swift; path = HomeTableViewCell.swift; sourceTree = "<group>"; };
		C37605B529D2BF650051BA18 /* Const.swift */ = {isa = PBXFileReference; lastKnownFileType = sourcecode.swift; path = Const.swift; sourceTree = "<group>"; };
		C37605B729D2BF700051BA18 /* String.swift */ = {isa = PBXFileReference; lastKnownFileType = sourcecode.swift; path = String.swift; sourceTree = "<group>"; };
		C37605B929D2BF760051BA18 /* Image.swift */ = {isa = PBXFileReference; lastKnownFileType = sourcecode.swift; path = Image.swift; sourceTree = "<group>"; };
		C37605BB29D2BF7A0051BA18 /* Color.swift */ = {isa = PBXFileReference; lastKnownFileType = sourcecode.swift; path = Color.swift; sourceTree = "<group>"; };
		C37605BD29D2BF7F0051BA18 /* Font.swift */ = {isa = PBXFileReference; lastKnownFileType = sourcecode.swift; path = Font.swift; sourceTree = "<group>"; };
		C37605C729D2C6E00051BA18 /* Pretendard-Regular.otf */ = {isa = PBXFileReference; lastKnownFileType = file; path = "Pretendard-Regular.otf"; sourceTree = "<group>"; };
		C37605C929D2CBF30051BA18 /* Colors.xcassets */ = {isa = PBXFileReference; lastKnownFileType = folder.assetcatalog; path = Colors.xcassets; sourceTree = "<group>"; };
		C37605CB29D543510051BA18 /* UIViewController+.swift */ = {isa = PBXFileReference; lastKnownFileType = sourcecode.swift; path = "UIViewController+.swift"; sourceTree = "<group>"; };
		C37605CD29D543D20051BA18 /* UIView+.swift */ = {isa = PBXFileReference; lastKnownFileType = sourcecode.swift; path = "UIView+.swift"; sourceTree = "<group>"; };
		C37605CF29D5442F0051BA18 /* BaseNavigationController.swift */ = {isa = PBXFileReference; lastKnownFileType = sourcecode.swift; path = BaseNavigationController.swift; sourceTree = "<group>"; };
		C37605D229D544620051BA18 /* BaseViewController.swift */ = {isa = PBXFileReference; lastKnownFileType = sourcecode.swift; path = BaseViewController.swift; sourceTree = "<group>"; };
		C37605D429D544C90051BA18 /* GeneralResponse.swift */ = {isa = PBXFileReference; lastKnownFileType = sourcecode.swift; path = GeneralResponse.swift; sourceTree = "<group>"; };
		C379647F2A30467300E7F5DF /* Pretendard-SemiBold.otf */ = {isa = PBXFileReference; lastKnownFileType = file; path = "Pretendard-SemiBold.otf"; sourceTree = "<group>"; };
		C37964812A304CED00E7F5DF /* HomeView.swift */ = {isa = PBXFileReference; lastKnownFileType = sourcecode.swift; path = HomeView.swift; sourceTree = "<group>"; };
		C38E7B3629DE866400155E6A /* CategoryView.swift */ = {isa = PBXFileReference; lastKnownFileType = sourcecode.swift; path = CategoryView.swift; sourceTree = "<group>"; };
		C38E7B3929DE874D00155E6A /* CategoryModel.swift */ = {isa = PBXFileReference; lastKnownFileType = sourcecode.swift; path = CategoryModel.swift; sourceTree = "<group>"; };
		C3B0BE5F29E6B7DD00BF613A /* HomeRequest.swift */ = {isa = PBXFileReference; lastKnownFileType = sourcecode.swift; path = HomeRequest.swift; sourceTree = "<group>"; };
		C3B5534729CE8EE3002D3467 /* BiBaBoo-iOS.app */ = {isa = PBXFileReference; explicitFileType = wrapper.application; includeInIndex = 0; path = "BiBaBoo-iOS.app"; sourceTree = BUILT_PRODUCTS_DIR; };
		C3B5534A29CE8EE3002D3467 /* AppDelegate.swift */ = {isa = PBXFileReference; lastKnownFileType = sourcecode.swift; path = AppDelegate.swift; sourceTree = "<group>"; };
		C3B5534C29CE8EE3002D3467 /* SceneDelegate.swift */ = {isa = PBXFileReference; lastKnownFileType = sourcecode.swift; path = SceneDelegate.swift; sourceTree = "<group>"; };
		C3B5535329CE8EE7002D3467 /* Assets.xcassets */ = {isa = PBXFileReference; lastKnownFileType = folder.assetcatalog; path = Assets.xcassets; sourceTree = "<group>"; };
		C3B5535629CE8EE7002D3467 /* Base */ = {isa = PBXFileReference; lastKnownFileType = file.storyboard; name = Base; path = Base.lproj/LaunchScreen.storyboard; sourceTree = "<group>"; };
		C3B5535829CE8EE7002D3467 /* Info.plist */ = {isa = PBXFileReference; lastKnownFileType = text.plist.xml; path = Info.plist; sourceTree = "<group>"; };
		C3D23E572A27B25100FBC019 /* NanumSquareB.otf */ = {isa = PBXFileReference; lastKnownFileType = file; path = NanumSquareB.otf; sourceTree = "<group>"; };
		C3DC33322A288CA000282BDE /* NanumSquareR.otf */ = {isa = PBXFileReference; lastKnownFileType = file; path = NanumSquareR.otf; sourceTree = "<group>"; };
		DD462BC429F7915B0043F105 /* CategoryCollectionViewCell.swift */ = {isa = PBXFileReference; lastKnownFileType = sourcecode.swift; path = CategoryCollectionViewCell.swift; sourceTree = "<group>"; };
/* End PBXFileReference section */

/* Begin PBXFrameworksBuildPhase section */
		C3B5534429CE8EE3002D3467 /* Frameworks */ = {
			isa = PBXFrameworksBuildPhase;
			buildActionMask = 2147483647;
			files = (
				C37605A929D2BC1E0051BA18 /* Moya in Frameworks */,
				C37605AC29D2BC470051BA18 /* Then in Frameworks */,
				C37605A629D2BBCE0051BA18 /* SnapKit in Frameworks */,
				C37605AF29D2BE250051BA18 /* Lottie in Frameworks */,
			);
			runOnlyForDeploymentPostprocessing = 0;
		};
/* End PBXFrameworksBuildPhase section */

/* Begin PBXGroup section */
		C309F87F29DD52A0007BAF98 /* Home */ = {
			isa = PBXGroup;
			children = (
				DD462BC329F7912D0043F105 /* Cell */,
				C38E7B3829DE866700155E6A /* Model */,
				C309F88029DD52B0007BAF98 /* View */,
				C309F88129DD52BA007BAF98 /* Controller */,
			);
			path = Home;
			sourceTree = "<group>";
		};
		C309F88029DD52B0007BAF98 /* View */ = {
			isa = PBXGroup;
			children = (
				C309F88429DD539D007BAF98 /* HomeTopBarView.swift */,
				C38E7B3629DE866400155E6A /* CategoryView.swift */,
				C30E36CE2A2E0855001518E0 /* HomeEmptyView.swift */,
				C37964812A304CED00E7F5DF /* HomeView.swift */,
			);
			path = View;
			sourceTree = "<group>";
		};
		C309F88129DD52BA007BAF98 /* Controller */ = {
			isa = PBXGroup;
			children = (
				C309F88229DD52C7007BAF98 /* HomeViewController.swift */,
			);
			path = Controller;
			sourceTree = "<group>";
		};
		C37605B029D2BED00051BA18 /* Fonts */ = {
			isa = PBXGroup;
			children = (
				C3D23E572A27B25100FBC019 /* NanumSquareB.otf */,
				C3DC33322A288CA000282BDE /* NanumSquareR.otf */,
				C37605C729D2C6E00051BA18 /* Pretendard-Regular.otf */,
				C379647F2A30467300E7F5DF /* Pretendard-SemiBold.otf */,
			);
			path = Fonts;
			sourceTree = "<group>";
		};
		C37605B329D2BF3A0051BA18 /* Common */ = {
			isa = PBXGroup;
			children = (
				C37605B429D2BF510051BA18 /* Consts */,
				C37605BF29D2BF900051BA18 /* Extensions */,
				C37605C029D2BF9C0051BA18 /* Utils */,
			);
			path = Common;
			sourceTree = "<group>";
		};
		C37605B429D2BF510051BA18 /* Consts */ = {
			isa = PBXGroup;
			children = (
				C37605B529D2BF650051BA18 /* Const.swift */,
				C37605B729D2BF700051BA18 /* String.swift */,
				C37605B929D2BF760051BA18 /* Image.swift */,
				C37605BB29D2BF7A0051BA18 /* Color.swift */,
				C37605BD29D2BF7F0051BA18 /* Font.swift */,
			);
			path = Consts;
			sourceTree = "<group>";
		};
		C37605BF29D2BF900051BA18 /* Extensions */ = {
			isa = PBXGroup;
			children = (
				C37605CB29D543510051BA18 /* UIViewController+.swift */,
				C37605CD29D543D20051BA18 /* UIView+.swift */,
				C309F87D29DAB285007BAF98 /* adjust+.swift */,
			);
			path = Extensions;
			sourceTree = "<group>";
		};
		C37605C029D2BF9C0051BA18 /* Utils */ = {
			isa = PBXGroup;
			children = (
			);
			path = Utils;
			sourceTree = "<group>";
		};
		C37605C129D2BFD20051BA18 /* Network */ = {
			isa = PBXGroup;
			children = (
				C37605D429D544C90051BA18 /* GeneralResponse.swift */,
			);
			path = Network;
			sourceTree = "<group>";
		};
		C37605C229D2BFE50051BA18 /* Data */ = {
			isa = PBXGroup;
			children = (
				C3B0BE6129E6B7E200BF613A /* Home */,
			);
			path = Data;
			sourceTree = "<group>";
		};
		C37605D129D544340051BA18 /* Base */ = {
			isa = PBXGroup;
			children = (
				C37605CF29D5442F0051BA18 /* BaseNavigationController.swift */,
				C37605D229D544620051BA18 /* BaseViewController.swift */,
				C30E36D02A2E08A0001518E0 /* BaseView.swift */,
			);
			path = Base;
			sourceTree = "<group>";
		};
		C38E7B3829DE866700155E6A /* Model */ = {
			isa = PBXGroup;
			children = (
				C38E7B3929DE874D00155E6A /* CategoryModel.swift */,
			);
			path = Model;
			sourceTree = "<group>";
		};
		C3B0BE6129E6B7E200BF613A /* Home */ = {
			isa = PBXGroup;
			children = (
				C3B0BE5F29E6B7DD00BF613A /* HomeRequest.swift */,
			);
			path = Home;
			sourceTree = "<group>";
		};
		C3B5533E29CE8EE3002D3467 = {
			isa = PBXGroup;
			children = (
				C3B5534929CE8EE3002D3467 /* BiBaBoo-iOS */,
				C3B5534829CE8EE3002D3467 /* Products */,
			);
			sourceTree = "<group>";
		};
		C3B5534829CE8EE3002D3467 /* Products */ = {
			isa = PBXGroup;
			children = (
				C3B5534729CE8EE3002D3467 /* BiBaBoo-iOS.app */,
			);
			name = Products;
			sourceTree = "<group>";
		};
		C3B5534929CE8EE3002D3467 /* BiBaBoo-iOS */ = {
			isa = PBXGroup;
			children = (
				C3B5535829CE8EE7002D3467 /* Info.plist */,
				C3B5535F29CE8F4E002D3467 /* Storyboard */,
				C3B5535E29CE8F23002D3467 /* Application */,
				C3B5536029CE8F64002D3467 /* Resource */,
				C37605B329D2BF3A0051BA18 /* Common */,
				C3B5536129CE8F95002D3467 /* Presentation */,
				C37605C129D2BFD20051BA18 /* Network */,
				C37605C229D2BFE50051BA18 /* Data */,
			);
			path = "BiBaBoo-iOS";
			sourceTree = "<group>";
		};
		C3B5535E29CE8F23002D3467 /* Application */ = {
			isa = PBXGroup;
			children = (
				C3B5534A29CE8EE3002D3467 /* AppDelegate.swift */,
				C3B5534C29CE8EE3002D3467 /* SceneDelegate.swift */,
			);
			path = Application;
			sourceTree = "<group>";
		};
		C3B5535F29CE8F4E002D3467 /* Storyboard */ = {
			isa = PBXGroup;
			children = (
				C3B5535529CE8EE7002D3467 /* LaunchScreen.storyboard */,
			);
			path = Storyboard;
			sourceTree = "<group>";
		};
		C3B5536029CE8F64002D3467 /* Resource */ = {
			isa = PBXGroup;
			children = (
				C37605B029D2BED00051BA18 /* Fonts */,
				C3B5535329CE8EE7002D3467 /* Assets.xcassets */,
				C37605C929D2CBF30051BA18 /* Colors.xcassets */,
			);
			path = Resource;
			sourceTree = "<group>";
		};
		C3B5536129CE8F95002D3467 /* Presentation */ = {
			isa = PBXGroup;
			children = (
				C37605D129D544340051BA18 /* Base */,
				C309F87F29DD52A0007BAF98 /* Home */,
			);
			path = Presentation;
			sourceTree = "<group>";
		};
		DD462BC329F7912D0043F105 /* Cell */ = {
			isa = PBXGroup;
			children = (
				DD462BC429F7915B0043F105 /* CategoryCollectionViewCell.swift */,
				C30E36D22A2E0C60001518E0 /* HomeTableViewCell.swift */,
			);
			path = Cell;
			sourceTree = "<group>";
		};
/* End PBXGroup section */

/* Begin PBXNativeTarget section */
		C3B5534629CE8EE3002D3467 /* BiBaBoo-iOS */ = {
			isa = PBXNativeTarget;
			buildConfigurationList = C3B5535B29CE8EE7002D3467 /* Build configuration list for PBXNativeTarget "BiBaBoo-iOS" */;
			buildPhases = (
				C3B5534329CE8EE3002D3467 /* Sources */,
				C3B5534429CE8EE3002D3467 /* Frameworks */,
				C3B5534529CE8EE3002D3467 /* Resources */,
			);
			buildRules = (
			);
			dependencies = (
			);
			name = "BiBaBoo-iOS";
			packageProductDependencies = (
				C37605A529D2BBCE0051BA18 /* SnapKit */,
				C37605A829D2BC1E0051BA18 /* Moya */,
				C37605AB29D2BC470051BA18 /* Then */,
				C37605AE29D2BE250051BA18 /* Lottie */,
			);
			productName = "BiBaBoo-iOS";
			productReference = C3B5534729CE8EE3002D3467 /* BiBaBoo-iOS.app */;
			productType = "com.apple.product-type.application";
		};
/* End PBXNativeTarget section */

/* Begin PBXProject section */
		C3B5533F29CE8EE3002D3467 /* Project object */ = {
			isa = PBXProject;
			attributes = {
				BuildIndependentTargetsInParallel = 1;
				LastSwiftUpdateCheck = 1420;
				LastUpgradeCheck = 1420;
				TargetAttributes = {
					C3B5534629CE8EE3002D3467 = {
						CreatedOnToolsVersion = 14.2;
					};
				};
			};
			buildConfigurationList = C3B5534229CE8EE3002D3467 /* Build configuration list for PBXProject "BiBaBoo-iOS" */;
			compatibilityVersion = "Xcode 14.0";
			developmentRegion = en;
			hasScannedForEncodings = 0;
			knownRegions = (
				en,
				Base,
			);
			mainGroup = C3B5533E29CE8EE3002D3467;
			packageReferences = (
				C37605A429D2BBCE0051BA18 /* XCRemoteSwiftPackageReference "SnapKit" */,
				C37605A729D2BC1D0051BA18 /* XCRemoteSwiftPackageReference "Moya" */,
				C37605AA29D2BC470051BA18 /* XCRemoteSwiftPackageReference "Then" */,
				C37605AD29D2BE250051BA18 /* XCRemoteSwiftPackageReference "lottie-ios" */,
			);
			productRefGroup = C3B5534829CE8EE3002D3467 /* Products */;
			projectDirPath = "";
			projectRoot = "";
			targets = (
				C3B5534629CE8EE3002D3467 /* BiBaBoo-iOS */,
			);
		};
/* End PBXProject section */

/* Begin PBXResourcesBuildPhase section */
		C3B5534529CE8EE3002D3467 /* Resources */ = {
			isa = PBXResourcesBuildPhase;
			buildActionMask = 2147483647;
			files = (
				C3D23E592A27B25100FBC019 /* NanumSquareB.otf in Resources */,
				C3DC33332A288CA000282BDE /* NanumSquareR.otf in Resources */,
				C37964802A30467400E7F5DF /* Pretendard-SemiBold.otf in Resources */,
				C37605C829D2C6E00051BA18 /* Pretendard-Regular.otf in Resources */,
				C3B5535729CE8EE7002D3467 /* LaunchScreen.storyboard in Resources */,
				C37605CA29D2CBF30051BA18 /* Colors.xcassets in Resources */,
				C3B5535429CE8EE7002D3467 /* Assets.xcassets in Resources */,
			);
			runOnlyForDeploymentPostprocessing = 0;
		};
/* End PBXResourcesBuildPhase section */

/* Begin PBXSourcesBuildPhase section */
		C3B5534329CE8EE3002D3467 /* Sources */ = {
			isa = PBXSourcesBuildPhase;
			buildActionMask = 2147483647;
			files = (
				C37605BA29D2BF760051BA18 /* Image.swift in Sources */,
				C37605D529D544C90051BA18 /* GeneralResponse.swift in Sources */,
				C37605BC29D2BF7A0051BA18 /* Color.swift in Sources */,
				C309F87E29DAB285007BAF98 /* adjust+.swift in Sources */,
				C37605D329D544620051BA18 /* BaseViewController.swift in Sources */,
				C37605CC29D543510051BA18 /* UIViewController+.swift in Sources */,
				C3B0BE6029E6B7DD00BF613A /* HomeRequest.swift in Sources */,
				C37605B629D2BF650051BA18 /* Const.swift in Sources */,
				C37605BE29D2BF7F0051BA18 /* Font.swift in Sources */,
				C30E36CF2A2E0855001518E0 /* HomeEmptyView.swift in Sources */,
				C37605B829D2BF700051BA18 /* String.swift in Sources */,
				DD462BC529F7915B0043F105 /* CategoryCollectionViewCell.swift in Sources */,
				C3B5534B29CE8EE3002D3467 /* AppDelegate.swift in Sources */,
				C37605CE29D543D20051BA18 /* UIView+.swift in Sources */,
				C37605D029D5442F0051BA18 /* BaseNavigationController.swift in Sources */,
				C3B5534D29CE8EE3002D3467 /* SceneDelegate.swift in Sources */,
				C30E36D32A2E0C60001518E0 /* HomeTableViewCell.swift in Sources */,
				C309F88529DD539D007BAF98 /* HomeTopBarView.swift in Sources */,
				C309F88329DD52C7007BAF98 /* HomeViewController.swift in Sources */,
				C30E36D12A2E08A0001518E0 /* BaseView.swift in Sources */,
				C38E7B3729DE866400155E6A /* CategoryView.swift in Sources */,
				C37964822A304CED00E7F5DF /* HomeView.swift in Sources */,
				C38E7B3A29DE874D00155E6A /* CategoryModel.swift in Sources */,
			);
			runOnlyForDeploymentPostprocessing = 0;
		};
/* End PBXSourcesBuildPhase section */

/* Begin PBXVariantGroup section */
		C3B5535529CE8EE7002D3467 /* LaunchScreen.storyboard */ = {
			isa = PBXVariantGroup;
			children = (
				C3B5535629CE8EE7002D3467 /* Base */,
			);
			name = LaunchScreen.storyboard;
			sourceTree = "<group>";
		};
/* End PBXVariantGroup section */

/* Begin XCBuildConfiguration section */
		C3B5535929CE8EE7002D3467 /* Debug */ = {
			isa = XCBuildConfiguration;
			buildSettings = {
				ALWAYS_SEARCH_USER_PATHS = NO;
				CLANG_ANALYZER_NONNULL = YES;
				CLANG_ANALYZER_NUMBER_OBJECT_CONVERSION = YES_AGGRESSIVE;
				CLANG_CXX_LANGUAGE_STANDARD = "gnu++20";
				CLANG_ENABLE_MODULES = YES;
				CLANG_ENABLE_OBJC_ARC = YES;
				CLANG_ENABLE_OBJC_WEAK = YES;
				CLANG_WARN_BLOCK_CAPTURE_AUTORELEASING = YES;
				CLANG_WARN_BOOL_CONVERSION = YES;
				CLANG_WARN_COMMA = YES;
				CLANG_WARN_CONSTANT_CONVERSION = YES;
				CLANG_WARN_DEPRECATED_OBJC_IMPLEMENTATIONS = YES;
				CLANG_WARN_DIRECT_OBJC_ISA_USAGE = YES_ERROR;
				CLANG_WARN_DOCUMENTATION_COMMENTS = YES;
				CLANG_WARN_EMPTY_BODY = YES;
				CLANG_WARN_ENUM_CONVERSION = YES;
				CLANG_WARN_INFINITE_RECURSION = YES;
				CLANG_WARN_INT_CONVERSION = YES;
				CLANG_WARN_NON_LITERAL_NULL_CONVERSION = YES;
				CLANG_WARN_OBJC_IMPLICIT_RETAIN_SELF = YES;
				CLANG_WARN_OBJC_LITERAL_CONVERSION = YES;
				CLANG_WARN_OBJC_ROOT_CLASS = YES_ERROR;
				CLANG_WARN_QUOTED_INCLUDE_IN_FRAMEWORK_HEADER = YES;
				CLANG_WARN_RANGE_LOOP_ANALYSIS = YES;
				CLANG_WARN_STRICT_PROTOTYPES = YES;
				CLANG_WARN_SUSPICIOUS_MOVE = YES;
				CLANG_WARN_UNGUARDED_AVAILABILITY = YES_AGGRESSIVE;
				CLANG_WARN_UNREACHABLE_CODE = YES;
				CLANG_WARN__DUPLICATE_METHOD_MATCH = YES;
				COPY_PHASE_STRIP = NO;
				DEBUG_INFORMATION_FORMAT = dwarf;
				ENABLE_STRICT_OBJC_MSGSEND = YES;
				ENABLE_TESTABILITY = YES;
				GCC_C_LANGUAGE_STANDARD = gnu11;
				GCC_DYNAMIC_NO_PIC = NO;
				GCC_NO_COMMON_BLOCKS = YES;
				GCC_OPTIMIZATION_LEVEL = 0;
				GCC_PREPROCESSOR_DEFINITIONS = (
					"DEBUG=1",
					"$(inherited)",
				);
				GCC_WARN_64_TO_32_BIT_CONVERSION = YES;
				GCC_WARN_ABOUT_RETURN_TYPE = YES_ERROR;
				GCC_WARN_UNDECLARED_SELECTOR = YES;
				GCC_WARN_UNINITIALIZED_AUTOS = YES_AGGRESSIVE;
				GCC_WARN_UNUSED_FUNCTION = YES;
				GCC_WARN_UNUSED_VARIABLE = YES;
				IPHONEOS_DEPLOYMENT_TARGET = 16.2;
				MTL_ENABLE_DEBUG_INFO = INCLUDE_SOURCE;
				MTL_FAST_MATH = YES;
				ONLY_ACTIVE_ARCH = YES;
				SDKROOT = iphoneos;
				SWIFT_ACTIVE_COMPILATION_CONDITIONS = DEBUG;
				SWIFT_OPTIMIZATION_LEVEL = "-Onone";
			};
			name = Debug;
		};
		C3B5535A29CE8EE7002D3467 /* Release */ = {
			isa = XCBuildConfiguration;
			buildSettings = {
				ALWAYS_SEARCH_USER_PATHS = NO;
				CLANG_ANALYZER_NONNULL = YES;
				CLANG_ANALYZER_NUMBER_OBJECT_CONVERSION = YES_AGGRESSIVE;
				CLANG_CXX_LANGUAGE_STANDARD = "gnu++20";
				CLANG_ENABLE_MODULES = YES;
				CLANG_ENABLE_OBJC_ARC = YES;
				CLANG_ENABLE_OBJC_WEAK = YES;
				CLANG_WARN_BLOCK_CAPTURE_AUTORELEASING = YES;
				CLANG_WARN_BOOL_CONVERSION = YES;
				CLANG_WARN_COMMA = YES;
				CLANG_WARN_CONSTANT_CONVERSION = YES;
				CLANG_WARN_DEPRECATED_OBJC_IMPLEMENTATIONS = YES;
				CLANG_WARN_DIRECT_OBJC_ISA_USAGE = YES_ERROR;
				CLANG_WARN_DOCUMENTATION_COMMENTS = YES;
				CLANG_WARN_EMPTY_BODY = YES;
				CLANG_WARN_ENUM_CONVERSION = YES;
				CLANG_WARN_INFINITE_RECURSION = YES;
				CLANG_WARN_INT_CONVERSION = YES;
				CLANG_WARN_NON_LITERAL_NULL_CONVERSION = YES;
				CLANG_WARN_OBJC_IMPLICIT_RETAIN_SELF = YES;
				CLANG_WARN_OBJC_LITERAL_CONVERSION = YES;
				CLANG_WARN_OBJC_ROOT_CLASS = YES_ERROR;
				CLANG_WARN_QUOTED_INCLUDE_IN_FRAMEWORK_HEADER = YES;
				CLANG_WARN_RANGE_LOOP_ANALYSIS = YES;
				CLANG_WARN_STRICT_PROTOTYPES = YES;
				CLANG_WARN_SUSPICIOUS_MOVE = YES;
				CLANG_WARN_UNGUARDED_AVAILABILITY = YES_AGGRESSIVE;
				CLANG_WARN_UNREACHABLE_CODE = YES;
				CLANG_WARN__DUPLICATE_METHOD_MATCH = YES;
				COPY_PHASE_STRIP = NO;
				DEBUG_INFORMATION_FORMAT = "dwarf-with-dsym";
				ENABLE_NS_ASSERTIONS = NO;
				ENABLE_STRICT_OBJC_MSGSEND = YES;
				GCC_C_LANGUAGE_STANDARD = gnu11;
				GCC_NO_COMMON_BLOCKS = YES;
				GCC_WARN_64_TO_32_BIT_CONVERSION = YES;
				GCC_WARN_ABOUT_RETURN_TYPE = YES_ERROR;
				GCC_WARN_UNDECLARED_SELECTOR = YES;
				GCC_WARN_UNINITIALIZED_AUTOS = YES_AGGRESSIVE;
				GCC_WARN_UNUSED_FUNCTION = YES;
				GCC_WARN_UNUSED_VARIABLE = YES;
				IPHONEOS_DEPLOYMENT_TARGET = 16.2;
				MTL_ENABLE_DEBUG_INFO = NO;
				MTL_FAST_MATH = YES;
				SDKROOT = iphoneos;
				SWIFT_COMPILATION_MODE = wholemodule;
				SWIFT_OPTIMIZATION_LEVEL = "-O";
				VALIDATE_PRODUCT = YES;
			};
			name = Release;
		};
		C3B5535C29CE8EE7002D3467 /* Debug */ = {
			isa = XCBuildConfiguration;
			buildSettings = {
				ASSETCATALOG_COMPILER_APPICON_NAME = AppIcon;
				ASSETCATALOG_COMPILER_GLOBAL_ACCENT_COLOR_NAME = AccentColor;
				CODE_SIGN_STYLE = Automatic;
				CURRENT_PROJECT_VERSION = 1;
				DEVELOPMENT_TEAM = Z429BM88YZ;
				GENERATE_INFOPLIST_FILE = YES;
				INFOPLIST_FILE = "BiBaBoo-iOS/Info.plist";
				INFOPLIST_KEY_UIApplicationSupportsIndirectInputEvents = YES;
				INFOPLIST_KEY_UILaunchStoryboardName = LaunchScreen;
				INFOPLIST_KEY_UISupportedInterfaceOrientations_iPad = "UIInterfaceOrientationPortrait UIInterfaceOrientationPortraitUpsideDown UIInterfaceOrientationLandscapeLeft UIInterfaceOrientationLandscapeRight";
				INFOPLIST_KEY_UISupportedInterfaceOrientations_iPhone = "UIInterfaceOrientationPortrait UIInterfaceOrientationLandscapeLeft UIInterfaceOrientationLandscapeRight";
				LD_RUNPATH_SEARCH_PATHS = (
					"$(inherited)",
					"@executable_path/Frameworks",
				);
				MARKETING_VERSION = 1.0;
				PRODUCT_BUNDLE_IDENTIFIER = "chaen.BiBaBoo-iOS";
				PRODUCT_NAME = "$(TARGET_NAME)";
				SWIFT_EMIT_LOC_STRINGS = YES;
				SWIFT_VERSION = 5.0;
				TARGETED_DEVICE_FAMILY = "1,2";
			};
			name = Debug;
		};
		C3B5535D29CE8EE7002D3467 /* Release */ = {
			isa = XCBuildConfiguration;
			buildSettings = {
				ASSETCATALOG_COMPILER_APPICON_NAME = AppIcon;
				ASSETCATALOG_COMPILER_GLOBAL_ACCENT_COLOR_NAME = AccentColor;
				CODE_SIGN_STYLE = Automatic;
				CURRENT_PROJECT_VERSION = 1;
				DEVELOPMENT_TEAM = Q827V73L8U;
				GENERATE_INFOPLIST_FILE = YES;
				INFOPLIST_FILE = "BiBaBoo-iOS/Info.plist";
				INFOPLIST_KEY_UIApplicationSupportsIndirectInputEvents = YES;
				INFOPLIST_KEY_UILaunchStoryboardName = LaunchScreen;
				INFOPLIST_KEY_UISupportedInterfaceOrientations_iPad = "UIInterfaceOrientationPortrait UIInterfaceOrientationPortraitUpsideDown UIInterfaceOrientationLandscapeLeft UIInterfaceOrientationLandscapeRight";
				INFOPLIST_KEY_UISupportedInterfaceOrientations_iPhone = "UIInterfaceOrientationPortrait UIInterfaceOrientationLandscapeLeft UIInterfaceOrientationLandscapeRight";
				LD_RUNPATH_SEARCH_PATHS = (
					"$(inherited)",
					"@executable_path/Frameworks",
				);
				MARKETING_VERSION = 1.0;
				PRODUCT_BUNDLE_IDENTIFIER = "chaen.BiBaBoo-iOS";
				PRODUCT_NAME = "$(TARGET_NAME)";
				SWIFT_EMIT_LOC_STRINGS = YES;
				SWIFT_VERSION = 5.0;
				TARGETED_DEVICE_FAMILY = "1,2";
			};
			name = Release;
		};
/* End XCBuildConfiguration section */

/* Begin XCConfigurationList section */
		C3B5534229CE8EE3002D3467 /* Build configuration list for PBXProject "BiBaBoo-iOS" */ = {
			isa = XCConfigurationList;
			buildConfigurations = (
				C3B5535929CE8EE7002D3467 /* Debug */,
				C3B5535A29CE8EE7002D3467 /* Release */,
			);
			defaultConfigurationIsVisible = 0;
			defaultConfigurationName = Release;
		};
		C3B5535B29CE8EE7002D3467 /* Build configuration list for PBXNativeTarget "BiBaBoo-iOS" */ = {
			isa = XCConfigurationList;
			buildConfigurations = (
				C3B5535C29CE8EE7002D3467 /* Debug */,
				C3B5535D29CE8EE7002D3467 /* Release */,
			);
			defaultConfigurationIsVisible = 0;
			defaultConfigurationName = Release;
		};
/* End XCConfigurationList section */

/* Begin XCRemoteSwiftPackageReference section */
		C37605A429D2BBCE0051BA18 /* XCRemoteSwiftPackageReference "SnapKit" */ = {
			isa = XCRemoteSwiftPackageReference;
			repositoryURL = "https://github.com/SnapKit/SnapKit";
			requirement = {
				kind = upToNextMinorVersion;
				minimumVersion = 5.6.0;
			};
		};
		C37605A729D2BC1D0051BA18 /* XCRemoteSwiftPackageReference "Moya" */ = {
			isa = XCRemoteSwiftPackageReference;
			repositoryURL = "https://github.com/Moya/Moya";
			requirement = {
				branch = master;
				kind = branch;
			};
		};
		C37605AA29D2BC470051BA18 /* XCRemoteSwiftPackageReference "Then" */ = {
			isa = XCRemoteSwiftPackageReference;
			repositoryURL = "https://github.com/devxoul/Then";
			requirement = {
				branch = master;
				kind = branch;
			};
		};
		C37605AD29D2BE250051BA18 /* XCRemoteSwiftPackageReference "lottie-ios" */ = {
			isa = XCRemoteSwiftPackageReference;
			repositoryURL = "https://github.com/airbnb/lottie-ios";
			requirement = {
				kind = upToNextMajorVersion;
				minimumVersion = 4.0.0;
			};
		};
/* End XCRemoteSwiftPackageReference section */

/* Begin XCSwiftPackageProductDependency section */
		C37605A529D2BBCE0051BA18 /* SnapKit */ = {
			isa = XCSwiftPackageProductDependency;
			package = C37605A429D2BBCE0051BA18 /* XCRemoteSwiftPackageReference "SnapKit" */;
			productName = SnapKit;
		};
		C37605A829D2BC1E0051BA18 /* Moya */ = {
			isa = XCSwiftPackageProductDependency;
			package = C37605A729D2BC1D0051BA18 /* XCRemoteSwiftPackageReference "Moya" */;
			productName = Moya;
		};
		C37605AB29D2BC470051BA18 /* Then */ = {
			isa = XCSwiftPackageProductDependency;
			package = C37605AA29D2BC470051BA18 /* XCRemoteSwiftPackageReference "Then" */;
			productName = Then;
		};
		C37605AE29D2BE250051BA18 /* Lottie */ = {
			isa = XCSwiftPackageProductDependency;
			package = C37605AD29D2BE250051BA18 /* XCRemoteSwiftPackageReference "lottie-ios" */;
			productName = Lottie;
		};
/* End XCSwiftPackageProductDependency section */
	};
	rootObject = C3B5533F29CE8EE3002D3467 /* Project object */;
}
